DEPENDENCIES
  hdp-chef
    path: .
    metadata: true
  java-chef
    git: https://github.com/audio4ears/java-chef.git
    revision: 14b96eefbc3d9edebb075d563f6aaef16ac402cf

GRAPH
  hdp-chef (2.0.0)
    hostsfile (>= 0.0.0)
    java-chef (>= 0.0.0)
    sysctl (>= 0.0.0)
    ulimit (>= 0.0.0)
  hostsfile (3.0.1)
  java-chef (0.1.0)
  ohai (5.2.2)
  sysctl (1.0.5)
    ohai (>= 5.0)
  ulimit (1.0.0)
